
Microsoft Visual Studio Solution File, Format Version 12.00
# Visual Studio Version 17
VisualStudioVersion = 17.3.32929.385
MinimumVisualStudioVersion = 10.0.40219.1
Project("{FAE04EC0-301F-11D3-BF4B-00C04F79EFBC}") = "Http_Listener_Practice", "Http_Listener_Practice\Http_Listener_Practice.csproj", "{24433F0F-9508-4C1C-887C-1CBA3C654CD9}"
EndProject
Project("{FAE04EC0-301F-11D3-BF4B-00C04F79EFBC}") = "Http_Client_Practice", "Http_Client_Practice\Http_Client_Practice.csproj", "{2F6F0D1B-8B85-493F-979C-6F329BAD270C}"
EndProject
Global
	GlobalSection(SolutionConfigurationPlatforms) = preSolution
		Debug|Any CPU = Debug|Any CPU
		Release|Any CPU = Release|Any CPU
	EndGlobalSection
	GlobalSection(ProjectConfigurationPlatforms) = postSolution
		{24433F0F-9508-4C1C-887C-1CBA3C654CD9}.Debug|Any CPU.ActiveCfg = Debug|Any CPU
		{24433F0F-9508-4C1C-887C-1CBA3C654CD9}.Debug|Any CPU.Build.0 = Debug|Any CPU
		{24433F0F-9508-4C1C-887C-1CBA3C654CD9}.Release|Any CPU.ActiveCfg = Release|Any CPU
		{24433F0F-9508-4C1C-887C-1CBA3C654CD9}.Release|Any CPU.Build.0 = Release|Any CPU
		{2F6F0D1B-8B85-493F-979C-6F329BAD270C}.Debug|Any CPU.ActiveCfg = Debug|Any CPU
		{2F6F0D1B-8B85-493F-979C-6F329BAD270C}.Debug|Any CPU.Build.0 = Debug|Any CPU
		{2F6F0D1B-8B85-493F-979C-6F329BAD270C}.Release|Any CPU.ActiveCfg = Release|Any CPU
		{2F6F0D1B-8B85-493F-979C-6F329BAD270C}.Release|Any CPU.Build.0 = Release|Any CPU
	EndGlobalSection
	GlobalSection(SolutionProperties) = preSolution
		HideSolutionNode = FALSE
	EndGlobalSection
	GlobalSection(ExtensibilityGlobals) = postSolution
		SolutionGuid = {60EC52A4-76B4-4ECA-BFB1-4851249C490F}
	EndGlobalSection
EndGlobal
